// !$*UTF8*$!
{
	archiveVersion = 1;
	classes = {
	};
	objectVersion = 50;
	objects = {

/* Begin PBXBuildFile section */
		22BDCCCF24AE260C003F66C9 /* Tests_iOS.swift in Sources */ = {isa = PBXBuildFile; fileRef = 22BDCCCE24AE260C003F66C9 /* Tests_iOS.swift */; };
		22BDCCDA24AE260C003F66C9 /* Tests_macOS.swift in Sources */ = {isa = PBXBuildFile; fileRef = 22BDCCD924AE260C003F66C9 /* Tests_macOS.swift */; };
		22BDCCDC24AE260C003F66C9 /* PokemonApp.swift in Sources */ = {isa = PBXBuildFile; fileRef = 22BDCCB324AE260A003F66C9 /* PokemonApp.swift */; };
		22BDCCDD24AE260C003F66C9 /* PokemonApp.swift in Sources */ = {isa = PBXBuildFile; fileRef = 22BDCCB324AE260A003F66C9 /* PokemonApp.swift */; };
		22BDCCDE24AE260C003F66C9 /* ContentView.swift in Sources */ = {isa = PBXBuildFile; fileRef = 22BDCCB424AE260A003F66C9 /* ContentView.swift */; };
		22BDCCDF24AE260C003F66C9 /* ContentView.swift in Sources */ = {isa = PBXBuildFile; fileRef = 22BDCCB424AE260A003F66C9 /* ContentView.swift */; };
		22BDCCE024AE260C003F66C9 /* Assets.xcassets in Resources */ = {isa = PBXBuildFile; fileRef = 22BDCCB524AE260C003F66C9 /* Assets.xcassets */; };
		22BDCCE124AE260C003F66C9 /* Assets.xcassets in Resources */ = {isa = PBXBuildFile; fileRef = 22BDCCB524AE260C003F66C9 /* Assets.xcassets */; };
		22BDCCF224AE314B003F66C9 /* Pokemon.xcassets in Resources */ = {isa = PBXBuildFile; fileRef = 22BDCCF024AE314A003F66C9 /* Pokemon.xcassets */; };
		22BDCCF324AE314B003F66C9 /* Pokemon.xcassets in Resources */ = {isa = PBXBuildFile; fileRef = 22BDCCF024AE314A003F66C9 /* Pokemon.xcassets */; };
		22BDCCF424AE314B003F66C9 /* Monster.swift in Sources */ = {isa = PBXBuildFile; fileRef = 22BDCCF124AE314A003F66C9 /* Monster.swift */; };
		22BDCCF524AE314B003F66C9 /* Monster.swift in Sources */ = {isa = PBXBuildFile; fileRef = 22BDCCF124AE314A003F66C9 /* Monster.swift */; };
		22BDCCF724AEB023003F66C9 /* PokemonDetail.swift in Sources */ = {isa = PBXBuildFile; fileRef = 22BDCCF624AEB023003F66C9 /* PokemonDetail.swift */; };
		22BDCCF824AEB023003F66C9 /* PokemonDetail.swift in Sources */ = {isa = PBXBuildFile; fileRef = 22BDCCF624AEB023003F66C9 /* PokemonDetail.swift */; };
		22CD9FF724AEDCAD00555E93 /* PokemonStore.swift in Sources */ = {isa = PBXBuildFile; fileRef = 22CD9FF624AEDCAD00555E93 /* PokemonStore.swift */; };
		22CD9FF824AEDCAD00555E93 /* PokemonStore.swift in Sources */ = {isa = PBXBuildFile; fileRef = 22CD9FF624AEDCAD00555E93 /* PokemonStore.swift */; };
/* End PBXBuildFile section */

/* Begin PBXContainerItemProxy section */
		22BDCCCB24AE260C003F66C9 /* PBXContainerItemProxy */ = {
			isa = PBXContainerItemProxy;
			containerPortal = 22BDCCAE24AE260A003F66C9 /* Project object */;
			proxyType = 1;
			remoteGlobalIDString = 22BDCCB924AE260C003F66C9;
			remoteInfo = iOS;
		};
		22BDCCD624AE260C003F66C9 /* PBXContainerItemProxy */ = {
			isa = PBXContainerItemProxy;
			containerPortal = 22BDCCAE24AE260A003F66C9 /* Project object */;
			proxyType = 1;
			remoteGlobalIDString = 22BDCCC124AE260C003F66C9;
			remoteInfo = macOS;
		};
/* End PBXContainerItemProxy section */

/* Begin PBXFileReference section */
		220CA48524B2DAE20004FE34 /* README.md */ = {isa = PBXFileReference; lastKnownFileType = net.daringfireball.markdown; path = README.md; sourceTree = "<group>"; };
		22BDCCB324AE260A003F66C9 /* PokemonApp.swift */ = {isa = PBXFileReference; lastKnownFileType = sourcecode.swift; path = PokemonApp.swift; sourceTree = "<group>"; };
		22BDCCB424AE260A003F66C9 /* ContentView.swift */ = {isa = PBXFileReference; lastKnownFileType = sourcecode.swift; path = ContentView.swift; sourceTree = "<group>"; };
		22BDCCB524AE260C003F66C9 /* Assets.xcassets */ = {isa = PBXFileReference; lastKnownFileType = folder.assetcatalog; path = Assets.xcassets; sourceTree = "<group>"; };
		22BDCCBA24AE260C003F66C9 /* Pokemon.app */ = {isa = PBXFileReference; explicitFileType = wrapper.application; includeInIndex = 0; path = Pokemon.app; sourceTree = BUILT_PRODUCTS_DIR; };
		22BDCCBD24AE260C003F66C9 /* Info.plist */ = {isa = PBXFileReference; lastKnownFileType = text.plist.xml; path = Info.plist; sourceTree = "<group>"; };
		22BDCCC224AE260C003F66C9 /* Pokemon.app */ = {isa = PBXFileReference; explicitFileType = wrapper.application; includeInIndex = 0; path = Pokemon.app; sourceTree = BUILT_PRODUCTS_DIR; };
		22BDCCC424AE260C003F66C9 /* Info.plist */ = {isa = PBXFileReference; lastKnownFileType = text.plist.xml; path = Info.plist; sourceTree = "<group>"; };
		22BDCCC524AE260C003F66C9 /* macOS.entitlements */ = {isa = PBXFileReference; lastKnownFileType = text.plist.entitlements; path = macOS.entitlements; sourceTree = "<group>"; };
		22BDCCCA24AE260C003F66C9 /* Tests iOS.xctest */ = {isa = PBXFileReference; explicitFileType = wrapper.cfbundle; includeInIndex = 0; path = "Tests iOS.xctest"; sourceTree = BUILT_PRODUCTS_DIR; };
		22BDCCCE24AE260C003F66C9 /* Tests_iOS.swift */ = {isa = PBXFileReference; lastKnownFileType = sourcecode.swift; path = Tests_iOS.swift; sourceTree = "<group>"; };
		22BDCCD024AE260C003F66C9 /* Info.plist */ = {isa = PBXFileReference; lastKnownFileType = text.plist.xml; path = Info.plist; sourceTree = "<group>"; };
		22BDCCD524AE260C003F66C9 /* Tests macOS.xctest */ = {isa = PBXFileReference; explicitFileType = wrapper.cfbundle; includeInIndex = 0; path = "Tests macOS.xctest"; sourceTree = BUILT_PRODUCTS_DIR; };
		22BDCCD924AE260C003F66C9 /* Tests_macOS.swift */ = {isa = PBXFileReference; lastKnownFileType = sourcecode.swift; path = Tests_macOS.swift; sourceTree = "<group>"; };
		22BDCCDB24AE260C003F66C9 /* Info.plist */ = {isa = PBXFileReference; lastKnownFileType = text.plist.xml; path = Info.plist; sourceTree = "<group>"; };
		22BDCCF024AE314A003F66C9 /* Pokemon.xcassets */ = {isa = PBXFileReference; lastKnownFileType = folder.assetcatalog; path = Pokemon.xcassets; sourceTree = "<group>"; };
		22BDCCF124AE314A003F66C9 /* Monster.swift */ = {isa = PBXFileReference; fileEncoding = 4; lastKnownFileType = sourcecode.swift; path = Monster.swift; sourceTree = "<group>"; };
		22BDCCF624AEB023003F66C9 /* PokemonDetail.swift */ = {isa = PBXFileReference; lastKnownFileType = sourcecode.swift; path = PokemonDetail.swift; sourceTree = "<group>"; };
		22CD9FF624AEDCAD00555E93 /* PokemonStore.swift */ = {isa = PBXFileReference; lastKnownFileType = sourcecode.swift; path = PokemonStore.swift; sourceTree = "<group>"; };
/* End PBXFileReference section */

/* Begin PBXFrameworksBuildPhase section */
		22BDCCB724AE260C003F66C9 /* Frameworks */ = {
			isa = PBXFrameworksBuildPhase;
			buildActionMask = 2147483647;
			files = (
			);
			runOnlyForDeploymentPostprocessing = 0;
		};
		22BDCCBF24AE260C003F66C9 /* Frameworks */ = {
			isa = PBXFrameworksBuildPhase;
			buildActionMask = 2147483647;
			files = (
			);
			runOnlyForDeploymentPostprocessing = 0;
		};
		22BDCCC724AE260C003F66C9 /* Frameworks */ = {
			isa = PBXFrameworksBuildPhase;
			buildActionMask = 2147483647;
			files = (
			);
			runOnlyForDeploymentPostprocessing = 0;
		};
		22BDCCD224AE260C003F66C9 /* Frameworks */ = {
			isa = PBXFrameworksBuildPhase;
			buildActionMask = 2147483647;
			files = (
			);
			runOnlyForDeploymentPostprocessing = 0;
		};
/* End PBXFrameworksBuildPhase section */

/* Begin PBXGroup section */
		22BDCCAD24AE260A003F66C9 = {
			isa = PBXGroup;
			children = (
				220CA48524B2DAE20004FE34 /* README.md */,
				22BDCCB224AE260A003F66C9 /* Shared */,
				22BDCCBC24AE260C003F66C9 /* iOS */,
				22BDCCC324AE260C003F66C9 /* macOS */,
				22BDCCCD24AE260C003F66C9 /* Tests iOS */,
				22BDCCD824AE260C003F66C9 /* Tests macOS */,
				22BDCCBB24AE260C003F66C9 /* Products */,
			);
			sourceTree = "<group>";
		};
		22BDCCB224AE260A003F66C9 /* Shared */ = {
			isa = PBXGroup;
			children = (
				22BDCCB324AE260A003F66C9 /* PokemonApp.swift */,
				22BDCCB424AE260A003F66C9 /* ContentView.swift */,
				22CD9FF624AEDCAD00555E93 /* PokemonStore.swift */,
				22BDCCF624AEB023003F66C9 /* PokemonDetail.swift */,
				22BDCCF124AE314A003F66C9 /* Monster.swift */,
				22BDCCF024AE314A003F66C9 /* Pokemon.xcassets */,
				22BDCCB524AE260C003F66C9 /* Assets.xcassets */,
			);
			path = Shared;
			sourceTree = "<group>";
		};
		22BDCCBB24AE260C003F66C9 /* Products */ = {
			isa = PBXGroup;
			children = (
				22BDCCBA24AE260C003F66C9 /* Pokemon.app */,
				22BDCCC224AE260C003F66C9 /* Pokemon.app */,
				22BDCCCA24AE260C003F66C9 /* Tests iOS.xctest */,
				22BDCCD524AE260C003F66C9 /* Tests macOS.xctest */,
			);
			name = Products;
			sourceTree = "<group>";
		};
		22BDCCBC24AE260C003F66C9 /* iOS */ = {
			isa = PBXGroup;
			children = (
				22BDCCBD24AE260C003F66C9 /* Info.plist */,
			);
			path = iOS;
			sourceTree = "<group>";
		};
		22BDCCC324AE260C003F66C9 /* macOS */ = {
			isa = PBXGroup;
			children = (
				22BDCCC424AE260C003F66C9 /* Info.plist */,
				22BDCCC524AE260C003F66C9 /* macOS.entitlements */,
			);
			path = macOS;
			sourceTree = "<group>";
		};
		22BDCCCD24AE260C003F66C9 /* Tests iOS */ = {
			isa = PBXGroup;
			children = (
				22BDCCCE24AE260C003F66C9 /* Tests_iOS.swift */,
				22BDCCD024AE260C003F66C9 /* Info.plist */,
			);
			path = "Tests iOS";
			sourceTree = "<group>";
		};
		22BDCCD824AE260C003F66C9 /* Tests macOS */ = {
			isa = PBXGroup;
			children = (
				22BDCCD924AE260C003F66C9 /* Tests_macOS.swift */,
				22BDCCDB24AE260C003F66C9 /* Info.plist */,
			);
			path = "Tests macOS";
			sourceTree = "<group>";
		};
/* End PBXGroup section */

/* Begin PBXNativeTarget section */
		22BDCCB924AE260C003F66C9 /* iOS */ = {
			isa = PBXNativeTarget;
			buildConfigurationList = 22BDCCE424AE260C003F66C9 /* Build configuration list for PBXNativeTarget "iOS" */;
			buildPhases = (
				22BDCCB624AE260C003F66C9 /* Sources */,
				22BDCCB724AE260C003F66C9 /* Frameworks */,
				22BDCCB824AE260C003F66C9 /* Resources */,
			);
			buildRules = (
			);
			dependencies = (
			);
			name = iOS;
			productName = iOS;
			productReference = 22BDCCBA24AE260C003F66C9 /* Pokemon.app */;
			productType = "com.apple.product-type.application";
		};
		22BDCCC124AE260C003F66C9 /* macOS */ = {
			isa = PBXNativeTarget;
			buildConfigurationList = 22BDCCE724AE260C003F66C9 /* Build configuration list for PBXNativeTarget "macOS" */;
			buildPhases = (
				22BDCCBE24AE260C003F66C9 /* Sources */,
				22BDCCBF24AE260C003F66C9 /* Frameworks */,
				22BDCCC024AE260C003F66C9 /* Resources */,
			);
			buildRules = (
			);
			dependencies = (
			);
			name = macOS;
			productName = macOS;
			productReference = 22BDCCC224AE260C003F66C9 /* Pokemon.app */;
			productType = "com.apple.product-type.application";
		};
		22BDCCC924AE260C003F66C9 /* Tests iOS */ = {
			isa = PBXNativeTarget;
			buildConfigurationList = 22BDCCEA24AE260C003F66C9 /* Build configuration list for PBXNativeTarget "Tests iOS" */;
			buildPhases = (
				22BDCCC624AE260C003F66C9 /* Sources */,
				22BDCCC724AE260C003F66C9 /* Frameworks */,
				22BDCCC824AE260C003F66C9 /* Resources */,
			);
			buildRules = (
			);
			dependencies = (
				22BDCCCC24AE260C003F66C9 /* PBXTargetDependency */,
			);
			name = "Tests iOS";
			productName = "Tests iOS";
			productReference = 22BDCCCA24AE260C003F66C9 /* Tests iOS.xctest */;
			productType = "com.apple.product-type.bundle.ui-testing";
		};
		22BDCCD424AE260C003F66C9 /* Tests macOS */ = {
			isa = PBXNativeTarget;
			buildConfigurationList = 22BDCCED24AE260C003F66C9 /* Build configuration list for PBXNativeTarget "Tests macOS" */;
			buildPhases = (
				22BDCCD124AE260C003F66C9 /* Sources */,
				22BDCCD224AE260C003F66C9 /* Frameworks */,
				22BDCCD324AE260C003F66C9 /* Resources */,
			);
			buildRules = (
			);
			dependencies = (
				22BDCCD724AE260C003F66C9 /* PBXTargetDependency */,
			);
			name = "Tests macOS";
			productName = "Tests macOS";
			productReference = 22BDCCD524AE260C003F66C9 /* Tests macOS.xctest */;
			productType = "com.apple.product-type.bundle.ui-testing";
		};
/* End PBXNativeTarget section */

/* Begin PBXProject section */
		22BDCCAE24AE260A003F66C9 /* Project object */ = {
			isa = PBXProject;
			attributes = {
				LastSwiftUpdateCheck = 1200;
				LastUpgradeCheck = 1200;
				TargetAttributes = {
					22BDCCB924AE260C003F66C9 = {
						CreatedOnToolsVersion = 12.0;
					};
					22BDCCC124AE260C003F66C9 = {
						CreatedOnToolsVersion = 12.0;
					};
					22BDCCC924AE260C003F66C9 = {
						CreatedOnToolsVersion = 12.0;
						TestTargetID = 22BDCCB924AE260C003F66C9;
					};
					22BDCCD424AE260C003F66C9 = {
						CreatedOnToolsVersion = 12.0;
						TestTargetID = 22BDCCC124AE260C003F66C9;
					};
				};
			};
			buildConfigurationList = 22BDCCB124AE260A003F66C9 /* Build configuration list for PBXProject "Pokemon" */;
			compatibilityVersion = "Xcode 9.3";
			developmentRegion = en;
			hasScannedForEncodings = 0;
			knownRegions = (
				en,
				Base,
			);
			mainGroup = 22BDCCAD24AE260A003F66C9;
			productRefGroup = 22BDCCBB24AE260C003F66C9 /* Products */;
			projectDirPath = "";
			projectRoot = "";
			targets = (
				22BDCCB924AE260C003F66C9 /* iOS */,
				22BDCCC124AE260C003F66C9 /* macOS */,
				22BDCCC924AE260C003F66C9 /* Tests iOS */,
				22BDCCD424AE260C003F66C9 /* Tests macOS */,
			);
		};
/* End PBXProject section */

/* Begin PBXResourcesBuildPhase section */
		22BDCCB824AE260C003F66C9 /* Resources */ = {
			isa = PBXResourcesBuildPhase;
			buildActionMask = 2147483647;
			files = (
				22BDCCF224AE314B003F66C9 /* Pokemon.xcassets in Resources */,
				22BDCCE024AE260C003F66C9 /* Assets.xcassets in Resources */,
			);
			runOnlyForDeploymentPostprocessing = 0;
		};
		22BDCCC024AE260C003F66C9 /* Resources */ = {
			isa = PBXResourcesBuildPhase;
			buildActionMask = 2147483647;
			files = (
				22BDCCF324AE314B003F66C9 /* Pokemon.xcassets in Resources */,
				22BDCCE124AE260C003F66C9 /* Assets.xcassets in Resources */,
			);
			runOnlyForDeploymentPostprocessing = 0;
		};
		22BDCCC824AE260C003F66C9 /* Resources */ = {
			isa = PBXResourcesBuildPhase;
			buildActionMask = 2147483647;
			files = (
			);
			runOnlyForDeploymentPostprocessing = 0;
		};
		22BDCCD324AE260C003F66C9 /* Resources */ = {
			isa = PBXResourcesBuildPhase;
			buildActionMask = 2147483647;
			files = (
			);
			runOnlyForDeploymentPostprocessing = 0;
		};
/* End PBXResourcesBuildPhase section */

/* Begin PBXSourcesBuildPhase section */
		22BDCCB624AE260C003F66C9 /* Sources */ = {
			isa = PBXSourcesBuildPhase;
			buildActionMask = 2147483647;
			files = (
				22CD9FF724AEDCAD00555E93 /* PokemonStore.swift in Sources */,
				22BDCCDE24AE260C003F66C9 /* ContentView.swift in Sources */,
				22BDCCDC24AE260C003F66C9 /* PokemonApp.swift in Sources */,
				22BDCCF724AEB023003F66C9 /* PokemonDetail.swift in Sources */,
				22BDCCF424AE314B003F66C9 /* Monster.swift in Sources */,
			);
			runOnlyForDeploymentPostprocessing = 0;
		};
		22BDCCBE24AE260C003F66C9 /* Sources */ = {
			isa = PBXSourcesBuildPhase;
			buildActionMask = 2147483647;
			files = (
				22CD9FF824AEDCAD00555E93 /* PokemonStore.swift in Sources */,
				22BDCCDF24AE260C003F66C9 /* ContentView.swift in Sources */,
				22BDCCDD24AE260C003F66C9 /* PokemonApp.swift in Sources */,
				22BDCCF824AEB023003F66C9 /* PokemonDetail.swift in Sources */,
				22BDCCF524AE314B003F66C9 /* Monster.swift in Sources */,
			);
			runOnlyForDeploymentPostprocessing = 0;
		};
		22BDCCC624AE260C003F66C9 /* Sources */ = {
			isa = PBXSourcesBuildPhase;
			buildActionMask = 2147483647;
			files = (
				22BDCCCF24AE260C003F66C9 /* Tests_iOS.swift in Sources */,
			);
			runOnlyForDeploymentPostprocessing = 0;
		};
		22BDCCD124AE260C003F66C9 /* Sources */ = {
			isa = PBXSourcesBuildPhase;
			buildActionMask = 2147483647;
			files = (
				22BDCCDA24AE260C003F66C9 /* Tests_macOS.swift in Sources */,
			);
			runOnlyForDeploymentPostprocessing = 0;
		};
/* End PBXSourcesBuildPhase section */

/* Begin PBXTargetDependency section */
		22BDCCCC24AE260C003F66C9 /* PBXTargetDependency */ = {
			isa = PBXTargetDependency;
			target = 22BDCCB924AE260C003F66C9 /* iOS */;
			targetProxy = 22BDCCCB24AE260C003F66C9 /* PBXContainerItemProxy */;
		};
		22BDCCD724AE260C003F66C9 /* PBXTargetDependency */ = {
			isa = PBXTargetDependency;
			target = 22BDCCC124AE260C003F66C9 /* macOS */;
			targetProxy = 22BDCCD624AE260C003F66C9 /* PBXContainerItemProxy */;
		};
/* End PBXTargetDependency section */

/* Begin XCBuildConfiguration section */
		22BDCCE224AE260C003F66C9 /* Debug */ = {
			isa = XCBuildConfiguration;
			buildSettings = {
				ALWAYS_SEARCH_USER_PATHS = NO;
				CLANG_ANALYZER_NONNULL = YES;
				CLANG_ANALYZER_NUMBER_OBJECT_CONVERSION = YES_AGGRESSIVE;
				CLANG_CXX_LANGUAGE_STANDARD = "gnu++14";
				CLANG_CXX_LIBRARY = "libc++";
				CLANG_ENABLE_MODULES = YES;
				CLANG_ENABLE_OBJC_ARC = YES;
				CLANG_ENABLE_OBJC_WEAK = YES;
				CLANG_WARN_BLOCK_CAPTURE_AUTORELEASING = YES;
				CLANG_WARN_BOOL_CONVERSION = YES;
				CLANG_WARN_COMMA = YES;
				CLANG_WARN_CONSTANT_CONVERSION = YES;
				CLANG_WARN_DEPRECATED_OBJC_IMPLEMENTATIONS = YES;
				CLANG_WARN_DIRECT_OBJC_ISA_USAGE = YES_ERROR;
				CLANG_WARN_DOCUMENTATION_COMMENTS = YES;
				CLANG_WARN_EMPTY_BODY = YES;
				CLANG_WARN_ENUM_CONVERSION = YES;
				CLANG_WARN_INFINITE_RECURSION = YES;
				CLANG_WARN_INT_CONVERSION = YES;
				CLANG_WARN_NON_LITERAL_NULL_CONVERSION = YES;
				CLANG_WARN_OBJC_IMPLICIT_RETAIN_SELF = YES;
				CLANG_WARN_OBJC_LITERAL_CONVERSION = YES;
				CLANG_WARN_OBJC_ROOT_CLASS = YES_ERROR;
				CLANG_WARN_QUOTED_INCLUDE_IN_FRAMEWORK_HEADER = YES;
				CLANG_WARN_RANGE_LOOP_ANALYSIS = YES;
				CLANG_WARN_STRICT_PROTOTYPES = YES;
				CLANG_WARN_SUSPICIOUS_MOVE = YES;
				CLANG_WARN_UNGUARDED_AVAILABILITY = YES_AGGRESSIVE;
				CLANG_WARN_UNREACHABLE_CODE = YES;
				CLANG_WARN__DUPLICATE_METHOD_MATCH = YES;
				COPY_PHASE_STRIP = NO;
				DEBUG_INFORMATION_FORMAT = dwarf;
				ENABLE_STRICT_OBJC_MSGSEND = YES;
				ENABLE_TESTABILITY = YES;
				GCC_C_LANGUAGE_STANDARD = gnu11;
				GCC_DYNAMIC_NO_PIC = NO;
				GCC_NO_COMMON_BLOCKS = YES;
				GCC_OPTIMIZATION_LEVEL = 0;
				GCC_PREPROCESSOR_DEFINITIONS = (
					"DEBUG=1",
					"$(inherited)",
				);
				GCC_WARN_64_TO_32_BIT_CONVERSION = YES;
				GCC_WARN_ABOUT_RETURN_TYPE = YES_ERROR;
				GCC_WARN_UNDECLARED_SELECTOR = YES;
				GCC_WARN_UNINITIALIZED_AUTOS = YES_AGGRESSIVE;
				GCC_WARN_UNUSED_FUNCTION = YES;
				GCC_WARN_UNUSED_VARIABLE = YES;
				MTL_ENABLE_DEBUG_INFO = INCLUDE_SOURCE;
				MTL_FAST_MATH = YES;
				ONLY_ACTIVE_ARCH = YES;
				SWIFT_ACTIVE_COMPILATION_CONDITIONS = DEBUG;
				SWIFT_OPTIMIZATION_LEVEL = "-Onone";
			};
			name = Debug;
		};
		22BDCCE324AE260C003F66C9 /* Release */ = {
			isa = XCBuildConfiguration;
			buildSettings = {
				ALWAYS_SEARCH_USER_PATHS = NO;
				CLANG_ANALYZER_NONNULL = YES;
				CLANG_ANALYZER_NUMBER_OBJECT_CONVERSION = YES_AGGRESSIVE;
				CLANG_CXX_LANGUAGE_STANDARD = "gnu++14";
				CLANG_CXX_LIBRARY = "libc++";
				CLANG_ENABLE_MODULES = YES;
				CLANG_ENABLE_OBJC_ARC = YES;
				CLANG_ENABLE_OBJC_WEAK = YES;
				CLANG_WARN_BLOCK_CAPTURE_AUTORELEASING = YES;
				CLANG_WARN_BOOL_CONVERSION = YES;
				CLANG_WARN_COMMA = YES;
				CLANG_WARN_CONSTANT_CONVERSION = YES;
				CLANG_WARN_DEPRECATED_OBJC_IMPLEMENTATIONS = YES;
				CLANG_WARN_DIRECT_OBJC_ISA_USAGE = YES_ERROR;
				CLANG_WARN_DOCUMENTATION_COMMENTS = YES;
				CLANG_WARN_EMPTY_BODY = YES;
				CLANG_WARN_ENUM_CONVERSION = YES;
				CLANG_WARN_INFINITE_RECURSION = YES;
				CLANG_WARN_INT_CONVERSION = YES;
				CLANG_WARN_NON_LITERAL_NULL_CONVERSION = YES;
				CLANG_WARN_OBJC_IMPLICIT_RETAIN_SELF = YES;
				CLANG_WARN_OBJC_LITERAL_CONVERSION = YES;
				CLANG_WARN_OBJC_ROOT_CLASS = YES_ERROR;
				CLANG_WARN_QUOTED_INCLUDE_IN_FRAMEWORK_HEADER = YES;
				CLANG_WARN_RANGE_LOOP_ANALYSIS = YES;
				CLANG_WARN_STRICT_PROTOTYPES = YES;
				CLANG_WARN_SUSPICIOUS_MOVE = YES;
				CLANG_WARN_UNGUARDED_AVAILABILITY = YES_AGGRESSIVE;
				CLANG_WARN_UNREACHABLE_CODE = YES;
				CLANG_WARN__DUPLICATE_METHOD_MATCH = YES;
				COPY_PHASE_STRIP = NO;
				DEBUG_INFORMATION_FORMAT = "dwarf-with-dsym";
				ENABLE_NS_ASSERTIONS = NO;
				ENABLE_STRICT_OBJC_MSGSEND = YES;
				GCC_C_LANGUAGE_STANDARD = gnu11;
				GCC_NO_COMMON_BLOCKS = YES;
				GCC_WARN_64_TO_32_BIT_CONVERSION = YES;
				GCC_WARN_ABOUT_RETURN_TYPE = YES_ERROR;
				GCC_WARN_UNDECLARED_SELECTOR = YES;
				GCC_WARN_UNINITIALIZED_AUTOS = YES_AGGRESSIVE;
				GCC_WARN_UNUSED_FUNCTION = YES;
				GCC_WARN_UNUSED_VARIABLE = YES;
				MTL_ENABLE_DEBUG_INFO = NO;
				MTL_FAST_MATH = YES;
				SWIFT_COMPILATION_MODE = wholemodule;
				SWIFT_OPTIMIZATION_LEVEL = "-O";
			};
			name = Release;
		};
		22BDCCE524AE260C003F66C9 /* Debug */ = {
			isa = XCBuildConfiguration;
			buildSettings = {
				ASSETCATALOG_COMPILER_APPICON_NAME = AppIcon;
				ASSETCATALOG_COMPILER_GLOBAL_ACCENT_COLOR_NAME = AccentColor;
				CODE_SIGN_STYLE = Automatic;
				DEVELOPMENT_TEAM = 8SM25Y2FFN;
				ENABLE_PREVIEWS = YES;
				INFOPLIST_FILE = iOS/Info.plist;
				IPHONEOS_DEPLOYMENT_TARGET = 14.0;
				LD_RUNPATH_SEARCH_PATHS = (
					"$(inherited)",
					"@executable_path/Frameworks",
				);
				PRODUCT_BUNDLE_IDENTIFIER = com.mknepprath.Pokemon;
				PRODUCT_NAME = Pokemon;
				SDKROOT = iphoneos;
				SWIFT_VERSION = 5.0;
				TARGETED_DEVICE_FAMILY = "1,2";
			};
			name = Debug;
		};
		22BDCCE624AE260C003F66C9 /* Release */ = {
			isa = XCBuildConfiguration;
			buildSettings = {
				ASSETCATALOG_COMPILER_APPICON_NAME = AppIcon;
				ASSETCATALOG_COMPILER_GLOBAL_ACCENT_COLOR_NAME = AccentColor;
				CODE_SIGN_STYLE = Automatic;
				DEVELOPMENT_TEAM = 8SM25Y2FFN;
				ENABLE_PREVIEWS = YES;
				INFOPLIST_FILE = iOS/Info.plist;
				IPHONEOS_DEPLOYMENT_TARGET = 14.0;
				LD_RUNPATH_SEARCH_PATHS = (
					"$(inherited)",
					"@executable_path/Frameworks",
				);
				PRODUCT_BUNDLE_IDENTIFIER = com.mknepprath.Pokemon;
				PRODUCT_NAME = Pokemon;
				SDKROOT = iphoneos;
				SWIFT_VERSION = 5.0;
				TARGETED_DEVICE_FAMILY = "1,2";
				VALIDATE_PRODUCT = YES;
			};
			name = Release;
		};
		22BDCCE824AE260C003F66C9 /* Debug */ = {
			isa = XCBuildConfiguration;
			buildSettings = {
				ASSETCATALOG_COMPILER_APPICON_NAME = AppIcon;
				ASSETCATALOG_COMPILER_GLOBAL_ACCENT_COLOR_NAME = AccentColor;
				CODE_SIGN_ENTITLEMENTS = macOS/macOS.entitlements;
				CODE_SIGN_STYLE = Automatic;
				COMBINE_HIDPI_IMAGES = YES;
				DEVELOPMENT_TEAM = 8SM25Y2FFN;
				ENABLE_HARDENED_RUNTIME = YES;
				ENABLE_PREVIEWS = YES;
				INFOPLIST_FILE = macOS/Info.plist;
				LD_RUNPATH_SEARCH_PATHS = (
					"$(inherited)",
					"@executable_path/../Frameworks",
				);
				MACOSX_DEPLOYMENT_TARGET = 10.16;
				PRODUCT_BUNDLE_IDENTIFIER = com.mknepprath.Pokemon;
				PRODUCT_NAME = Pokemon;
				SDKROOT = macosx;
				SWIFT_VERSION = 5.0;
			};
			name = Debug;
		};
		22BDCCE924AE260C003F66C9 /* Release */ = {
			isa = XCBuildConfiguration;
			buildSettings = {
				ASSETCATALOG_COMPILER_APPICON_NAME = AppIcon;
				ASSETCATALOG_COMPILER_GLOBAL_ACCENT_COLOR_NAME = AccentColor;
				CODE_SIGN_ENTITLEMENTS = macOS/macOS.entitlements;
				CODE_SIGN_STYLE = Automatic;
				COMBINE_HIDPI_IMAGES = YES;
				DEVELOPMENT_TEAM = 8SM25Y2FFN;
				ENABLE_HARDENED_RUNTIME = YES;
				ENABLE_PREVIEWS = YES;
				INFOPLIST_FILE = macOS/Info.plist;
				LD_RUNPATH_SEARCH_PATHS = (
					"$(inherited)",
					"@executable_path/../Frameworks",
				);
				MACOSX_DEPLOYMENT_TARGET = 10.16;
				PRODUCT_BUNDLE_IDENTIFIER = com.mknepprath.Pokemon;
				PRODUCT_NAME = Pokemon;
				SDKROOT = macosx;
				SWIFT_VERSION = 5.0;
			};
			name = Release;
		};
		22BDCCEB24AE260C003F66C9 /* Debug */ = {
			isa = XCBuildConfiguration;
			buildSettings = {
				ALWAYS_EMBED_SWIFT_STANDARD_LIBRARIES = YES;
				CODE_SIGN_STYLE = Automatic;
				DEVELOPMENT_TEAM = 8SM25Y2FFN;
				INFOPLIST_FILE = "Tests iOS/Info.plist";
				IPHONEOS_DEPLOYMENT_TARGET = 14.0;
				LD_RUNPATH_SEARCH_PATHS = (
					"$(inherited)",
					"@executable_path/Frameworks",
					"@loader_path/Frameworks",
				);
				PRODUCT_BUNDLE_IDENTIFIER = "com.mknepprath.Tests-iOS";
				PRODUCT_NAME = "$(TARGET_NAME)";
				SDKROOT = iphoneos;
				SWIFT_VERSION = 5.0;
				TARGETED_DEVICE_FAMILY = "1,2";
				TEST_TARGET_NAME = iOS;
			};
			name = Debug;
		};
		22BDCCEC24AE260C003F66C9 /* Release */ = {
			isa = XCBuildConfiguration;
			buildSettings = {
				ALWAYS_EMBED_SWIFT_STANDARD_LIBRARIES = YES;
				CODE_SIGN_STYLE = Automatic;
				DEVELOPMENT_TEAM = 8SM25Y2FFN;
				INFOPLIST_FILE = "Tests iOS/Info.plist";
				IPHONEOS_DEPLOYMENT_TARGET = 14.0;
				LD_RUNPATH_SEARCH_PATHS = (
					"$(inherited)",
					"@executable_path/Frameworks",
					"@loader_path/Frameworks",
				);
				PRODUCT_BUNDLE_IDENTIFIER = "com.mknepprath.Tests-iOS";
				PRODUCT_NAME = "$(TARGET_NAME)";
				SDKROOT = iphoneos;
				SWIFT_VERSION = 5.0;
				TARGETED_DEVICE_FAMILY = "1,2";
				TEST_TARGET_NAME = iOS;
				VALIDATE_PRODUCT = YES;
			};
			name = Release;
		};
		22BDCCEE24AE260C003F66C9 /* Debug */ = {
			isa = XCBuildConfiguration;
			buildSettings = {
				ALWAYS_EMBED_SWIFT_STANDARD_LIBRARIES = YES;
				CODE_SIGN_STYLE = Automatic;
				COMBINE_HIDPI_IMAGES = YES;
				DEVELOPMENT_TEAM = 8SM25Y2FFN;
				INFOPLIST_FILE = "Tests macOS/Info.plist";
				LD_RUNPATH_SEARCH_PATHS = (
					"$(inherited)",
					"@executable_path/../Frameworks",
					"@loader_path/../Frameworks",
				);
				MACOSX_DEPLOYMENT_TARGET = 10.16;
				PRODUCT_BUNDLE_IDENTIFIER = "com.mknepprath.Tests-macOS";
				PRODUCT_NAME = "$(TARGET_NAME)";
				SDKROOT = macosx;
				SWIFT_VERSION = 5.0;
				TEST_TARGET_NAME = macOS;
			};
			name = Debug;
		};
		22BDCCEF24AE260C003F66C9 /* Release */ = {
			isa = XCBuildConfiguration;
			buildSettings = {
				ALWAYS_EMBED_SWIFT_STANDARD_LIBRARIES = YES;
				CODE_SIGN_STYLE = Automatic;
				COMBINE_HIDPI_IMAGES = YES;
				DEVELOPMENT_TEAM = 8SM25Y2FFN;
				INFOPLIST_FILE = "Tests macOS/Info.plist";
				LD_RUNPATH_SEARCH_PATHS = (
					"$(inherited)",
					"@executable_path/../Frameworks",
					"@loader_path/../Frameworks",
				);
				MACOSX_DEPLOYMENT_TARGET = 10.16;
				PRODUCT_BUNDLE_IDENTIFIER = "com.mknepprath.Tests-macOS";
				PRODUCT_NAME = "$(TARGET_NAME)";
				SDKROOT = macosx;
				SWIFT_VERSION = 5.0;
				TEST_TARGET_NAME = macOS;
			};
			name = Release;
		};
/* End XCBuildConfiguration section */

/* Begin XCConfigurationList section */
		22BDCCB124AE260A003F66C9 /* Build configuration list for PBXProject "Pokemon" */ = {
			isa = XCConfigurationList;
			buildConfigurations = (
				22BDCCE224AE260C003F66C9 /* Debug */,
				22BDCCE324AE260C003F66C9 /* Release */,
			);
			defaultConfigurationIsVisible = 0;
			defaultConfigurationName = Release;
		};
		22BDCCE424AE260C003F66C9 /* Build configuration list for PBXNativeTarget "iOS" */ = {
			isa = XCConfigurationList;
			buildConfigurations = (
				22BDCCE524AE260C003F66C9 /* Debug */,
				22BDCCE624AE260C003F66C9 /* Release */,
			);
			defaultConfigurationIsVisible = 0;
			defaultConfigurationName = Release;
		};
		22BDCCE724AE260C003F66C9 /* Build configuration list for PBXNativeTarget "macOS" */ = {
			isa = XCConfigurationList;
			buildConfigurations = (
				22BDCCE824AE260C003F66C9 /* Debug */,
				22BDCCE924AE260C003F66C9 /* Release */,
			);
			defaultConfigurationIsVisible = 0;
			defaultConfigurationName = Release;
		};
		22BDCCEA24AE260C003F66C9 /* Build configuration list for PBXNativeTarget "Tests iOS" */ = {
			isa = XCConfigurationList;
			buildConfigurations = (
				22BDCCEB24AE260C003F66C9 /* Debug */,
				22BDCCEC24AE260C003F66C9 /* Release */,
			);
			defaultConfigurationIsVisible = 0;
			defaultConfigurationName = Release;
		};
		22BDCCED24AE260C003F66C9 /* Build configuration list for PBXNativeTarget "Tests macOS" */ = {
			isa = XCConfigurationList;
			buildConfigurations = (
				22BDCCEE24AE260C003F66C9 /* Debug */,
				22BDCCEF24AE260C003F66C9 /* Release */,
			);
			defaultConfigurationIsVisible = 0;
			defaultConfigurationName = Release;
		};
/* End XCConfigurationList section */
	};
	rootObject = 22BDCCAE24AE260A003F66C9 /* Project object */;
}
